
Microsoft Visual Studio Solution File, Format Version 12.00
# Visual Studio 15
VisualStudioVersion = 15.0.27130.2010
MinimumVisualStudioVersion = 10.0.40219.1
Project("{FAE04EC0-301F-11D3-BF4B-00C04F79EFBC}") = "FarmaciaMiQuerido", "FarmaciaMiQuerido\FarmaciaMiQuerido.csproj", "{705392CD-F908-4483-8BE1-8873F10E8E4D}"
EndProject
Project("{2150E333-8FDC-42A3-9474-1A3956D46DE8}") = "Solution Items", "Solution Items", "{36845466-1111-4DF8-8418-34035F49AF8B}"
EndProject
Global
	GlobalSection(SolutionConfigurationPlatforms) = preSolution
		Debug|Any CPU = Debug|Any CPU
		Release|Any CPU = Release|Any CPU
	EndGlobalSection
	GlobalSection(ProjectConfigurationPlatforms) = postSolution
		{705392CD-F908-4483-8BE1-8873F10E8E4D}.Debug|Any CPU.ActiveCfg = Debug|Any CPU
		{705392CD-F908-4483-8BE1-8873F10E8E4D}.Debug|Any CPU.Build.0 = Debug|Any CPU
		{705392CD-F908-4483-8BE1-8873F10E8E4D}.Release|Any CPU.ActiveCfg = Release|Any CPU
		{705392CD-F908-4483-8BE1-8873F10E8E4D}.Release|Any CPU.Build.0 = Release|Any CPU
	EndGlobalSection
	GlobalSection(SolutionProperties) = preSolution
		HideSolutionNode = FALSE
	EndGlobalSection
	GlobalSection(ExtensibilityGlobals) = postSolution
		SolutionGuid = {FBE0557F-ADAB-4579-92B8-60B209C86715}
	EndGlobalSection
EndGlobal
